
Microsoft Visual Studio Solution File, Format Version 12.00
# Visual Studio Version 17
VisualStudioVersion = 17.0.31903.59
MinimumVisualStudioVersion = 10.0.40219.1
Project("{FAE04EC0-301F-11D3-BF4B-00C04F79EFBC}") = "SimpleTodo", "src\SimpleTodo\SimpleTodo.csproj", "{F2F7E107-C630-435A-BDFD-BFC3FCA16314}"
EndProject
Project("{2150E333-8FDC-42A3-9474-1A3956D46DE8}") = "Docs", "Docs", "{CFBE9AE6-40A3-4DAE-A74D-E319EAE35D50}"
	ProjectSection(SolutionItems) = preProject
		README.md = README.md
	EndProjectSection
EndProject
Project("{2150E333-8FDC-42A3-9474-1A3956D46DE8}") = "App", "App", "{CDC886A0-CEA1-47CE-87ED-D34A41B09E52}"
EndProject
Project("{2150E333-8FDC-42A3-9474-1A3956D46DE8}") = "Tests", "Tests", "{73C41AC6-9048-49DA-B4E6-4ACA6596BC7A}"
EndProject
Project("{FAE04EC0-301F-11D3-BF4B-00C04F79EFBC}") = "SimpleTodo.UnitTests", "tests\SimpleTodo.UnitTests\SimpleTodo.UnitTests.csproj", "{9F32C31B-C74C-467E-9D0A-BCEB50C188F0}"
EndProject
Global
	GlobalSection(SolutionConfigurationPlatforms) = preSolution
		Debug|Any CPU = Debug|Any CPU
		Release|Any CPU = Release|Any CPU
	EndGlobalSection
	GlobalSection(SolutionProperties) = preSolution
		HideSolutionNode = FALSE
	EndGlobalSection
	GlobalSection(ProjectConfigurationPlatforms) = postSolution
		{F2F7E107-C630-435A-BDFD-BFC3FCA16314}.Debug|Any CPU.ActiveCfg = Debug|Any CPU
		{F2F7E107-C630-435A-BDFD-BFC3FCA16314}.Debug|Any CPU.Build.0 = Debug|Any CPU
		{F2F7E107-C630-435A-BDFD-BFC3FCA16314}.Release|Any CPU.ActiveCfg = Release|Any CPU
		{F2F7E107-C630-435A-BDFD-BFC3FCA16314}.Release|Any CPU.Build.0 = Release|Any CPU
		{9F32C31B-C74C-467E-9D0A-BCEB50C188F0}.Debug|Any CPU.ActiveCfg = Debug|Any CPU
		{9F32C31B-C74C-467E-9D0A-BCEB50C188F0}.Debug|Any CPU.Build.0 = Debug|Any CPU
		{9F32C31B-C74C-467E-9D0A-BCEB50C188F0}.Release|Any CPU.ActiveCfg = Release|Any CPU
		{9F32C31B-C74C-467E-9D0A-BCEB50C188F0}.Release|Any CPU.Build.0 = Release|Any CPU
	EndGlobalSection
	GlobalSection(NestedProjects) = preSolution
		{F2F7E107-C630-435A-BDFD-BFC3FCA16314} = {CDC886A0-CEA1-47CE-87ED-D34A41B09E52}
		{9F32C31B-C74C-467E-9D0A-BCEB50C188F0} = {73C41AC6-9048-49DA-B4E6-4ACA6596BC7A}
	EndGlobalSection
EndGlobal
